
Microsoft Visual Studio Solution File, Format Version 12.00
# Visual Studio Version 17
VisualStudioVersion = 17.8.34322.80
MinimumVisualStudioVersion = 10.0.40219.1
Project("{FAE04EC0-301F-11D3-BF4B-00C04F79EFBC}") = "c-sharp-apps-oded-frig", "c-sharp-apps-oded-frig\c-sharp-apps-oded-frig.csproj", "{F5E3B43A-ECF2-48CD-84CC-3D55F65DF110}"
EndProject
Project("{2150E333-8FDC-42A3-9474-1A3956D46DE8}") = "Solution Items", "Solution Items", "{274C61FD-6316-4734-8CC6-75D1647FB63B}"
	ProjectSection(SolutionItems) = preProject
		.editorconfig = .editorconfig
	EndProjectSection
EndProject
Global
	GlobalSection(SolutionConfigurationPlatforms) = preSolution
		Debug|Any CPU = Debug|Any CPU
		Release|Any CPU = Release|Any CPU
	EndGlobalSection
	GlobalSection(ProjectConfigurationPlatforms) = postSolution
		{F5E3B43A-ECF2-48CD-84CC-3D55F65DF110}.Debug|Any CPU.ActiveCfg = Debug|Any CPU
		{F5E3B43A-ECF2-48CD-84CC-3D55F65DF110}.Debug|Any CPU.Build.0 = Debug|Any CPU
		{F5E3B43A-ECF2-48CD-84CC-3D55F65DF110}.Release|Any CPU.ActiveCfg = Release|Any CPU
		{F5E3B43A-ECF2-48CD-84CC-3D55F65DF110}.Release|Any CPU.Build.0 = Release|Any CPU
	EndGlobalSection
	GlobalSection(SolutionProperties) = preSolution
		HideSolutionNode = FALSE
	EndGlobalSection
	GlobalSection(ExtensibilityGlobals) = postSolution
		SolutionGuid = {44566B0B-B839-45E2-905A-70FF5706ECDB}
	EndGlobalSection
EndGlobal
